
Microsoft Visual Studio Solution File, Format Version 12.00
# Visual Studio Version 17
VisualStudioVersion = 17.2.32630.192
MinimumVisualStudioVersion = 10.0.40219.1
Project("{FAE04EC0-301F-11D3-BF4B-00C04F79EFBC}") = "ConsoleCodigoFonteSaidadeDados", "ConsoleCodigoFonteSaidadeDados\ConsoleCodigoFonteSaidadeDados.csproj", "{FC4A9D73-4597-4B44-8A65-5EA92C1AB34A}"
EndProject
Global
	GlobalSection(SolutionConfigurationPlatforms) = preSolution
		Debug|Any CPU = Debug|Any CPU
		Release|Any CPU = Release|Any CPU
	EndGlobalSection
	GlobalSection(ProjectConfigurationPlatforms) = postSolution
		{FC4A9D73-4597-4B44-8A65-5EA92C1AB34A}.Debug|Any CPU.ActiveCfg = Debug|Any CPU
		{FC4A9D73-4597-4B44-8A65-5EA92C1AB34A}.Debug|Any CPU.Build.0 = Debug|Any CPU
		{FC4A9D73-4597-4B44-8A65-5EA92C1AB34A}.Release|Any CPU.ActiveCfg = Release|Any CPU
		{FC4A9D73-4597-4B44-8A65-5EA92C1AB34A}.Release|Any CPU.Build.0 = Release|Any CPU
	EndGlobalSection
	GlobalSection(SolutionProperties) = preSolution
		HideSolutionNode = FALSE
	EndGlobalSection
	GlobalSection(ExtensibilityGlobals) = postSolution
		SolutionGuid = {BE3FCB0F-1DD3-4F71-893B-D2A66B985B59}
	EndGlobalSection
EndGlobal
